Microsoft Visual Studio Solution File, Format Version 12.00
# Visual Studio Version 17
VisualStudioVersion = 17.5.2.0
MinimumVisualStudioVersion = 10.0.40219.1
Project("{FAE04EC0-301F-11D3-BF4B-00C04F79EFBC}") = "soksharp", "soksharp.csproj", "{C9952E3A-C2BB-69EE-2259-82FC48DE6D19}"
EndProject
Global
	GlobalSection(SolutionConfigurationPlatforms) = preSolution
		Debug|Any CPU = Debug|Any CPU
		Release|Any CPU = Release|Any CPU
	EndGlobalSection
	GlobalSection(ProjectConfigurationPlatforms) = postSolution
		{C9952E3A-C2BB-69EE-2259-82FC48DE6D19}.Debug|Any CPU.ActiveCfg = Debug|Any CPU
		{C9952E3A-C2BB-69EE-2259-82FC48DE6D19}.Debug|Any CPU.Build.0 = Debug|Any CPU
		{C9952E3A-C2BB-69EE-2259-82FC48DE6D19}.Release|Any CPU.ActiveCfg = Release|Any CPU
		{C9952E3A-C2BB-69EE-2259-82FC48DE6D19}.Release|Any CPU.Build.0 = Release|Any CPU
	EndGlobalSection
	GlobalSection(SolutionProperties) = preSolution
		HideSolutionNode = FALSE
	EndGlobalSection
	GlobalSection(ExtensibilityGlobals) = postSolution
		SolutionGuid = {726D3CB9-9ADB-4476-A9A9-941F7610A2D7}
	EndGlobalSection
EndGlobal
